// !$*UTF8*$!
{
	archiveVersion = 1;
	classes = {
	};
	objectVersion = 46;
	objects = {

/* Begin PBXBuildFile section */
		1571223F1A6E000C001B5842 /* AppDelegate.swift in Sources */ = {isa = PBXBuildFile; fileRef = 1571223E1A6E000C001B5842 /* AppDelegate.swift */; };
		157122411A6E000C001B5842 /* ViewController.swift in Sources */ = {isa = PBXBuildFile; fileRef = 157122401A6E000C001B5842 /* ViewController.swift */; };
		157122441A6E000C001B5842 /* Main.storyboard in Resources */ = {isa = PBXBuildFile; fileRef = 157122421A6E000C001B5842 /* Main.storyboard */; };
		157122461A6E000C001B5842 /* Images.xcassets in Resources */ = {isa = PBXBuildFile; fileRef = 157122451A6E000C001B5842 /* Images.xcassets */; };
		157122491A6E000C001B5842 /* LaunchScreen.xib in Resources */ = {isa = PBXBuildFile; fileRef = 157122471A6E000C001B5842 /* LaunchScreen.xib */; };
		157122551A6E000D001B5842 /* clockTests.swift in Sources */ = {isa = PBXBuildFile; fileRef = 157122541A6E000D001B5842 /* clockTests.swift */; };
/* End PBXBuildFile section */

/* Begin PBXContainerItemProxy section */
		1571224F1A6E000D001B5842 /* PBXContainerItemProxy */ = {
			isa = PBXContainerItemProxy;
			containerPortal = 157122311A6E000C001B5842 /* Project object */;
			proxyType = 1;
			remoteGlobalIDString = 157122381A6E000C001B5842;
			remoteInfo = clock;
		};
/* End PBXContainerItemProxy section */

/* Begin PBXFileReference section */
		157122391A6E000C001B5842 /* clock.app */ = {isa = PBXFileReference; explicitFileType = wrapper.application; includeInIndex = 0; path = clock.app; sourceTree = BUILT_PRODUCTS_DIR; };
		1571223D1A6E000C001B5842 /* Info.plist */ = {isa = PBXFileReference; lastKnownFileType = text.plist.xml; path = Info.plist; sourceTree = "<group>"; };
		1571223E1A6E000C001B5842 /* AppDelegate.swift */ = {isa = PBXFileReference; lastKnownFileType = sourcecode.swift; path = AppDelegate.swift; sourceTree = "<group>"; };
		157122401A6E000C001B5842 /* ViewController.swift */ = {isa = PBXFileReference; lastKnownFileType = sourcecode.swift; path = ViewController.swift; sourceTree = "<group>"; };
		157122431A6E000C001B5842 /* Base */ = {isa = PBXFileReference; lastKnownFileType = file.storyboard; name = Base; path = Base.lproj/Main.storyboard; sourceTree = "<group>"; };
		157122451A6E000C001B5842 /* Images.xcassets */ = {isa = PBXFileReference; lastKnownFileType = folder.assetcatalog; path = Images.xcassets; sourceTree = "<group>"; };
		157122481A6E000C001B5842 /* Base */ = {isa = PBXFileReference; lastKnownFileType = file.xib; name = Base; path = Base.lproj/LaunchScreen.xib; sourceTree = "<group>"; };
		1571224E1A6E000D001B5842 /* clockTests.xctest */ = {isa = PBXFileReference; explicitFileType = wrapper.cfbundle; includeInIndex = 0; path = clockTests.xctest; sourceTree = BUILT_PRODUCTS_DIR; };
		157122531A6E000D001B5842 /* Info.plist */ = {isa = PBXFileReference; lastKnownFileType = text.plist.xml; path = Info.plist; sourceTree = "<group>"; };
		157122541A6E000D001B5842 /* clockTests.swift */ = {isa = PBXFileReference; lastKnownFileType = sourcecode.swift; path = clockTests.swift; sourceTree = "<group>"; };
/* End PBXFileReference section */

/* Begin PBXFrameworksBuildPhase section */
		157122361A6E000C001B5842 /* Frameworks */ = {
			isa = PBXFrameworksBuildPhase;
			buildActionMask = 2147483647;
			files = (
			);
			runOnlyForDeploymentPostprocessing = 0;
		};
		1571224B1A6E000D001B5842 /* Frameworks */ = {
			isa = PBXFrameworksBuildPhase;
			buildActionMask = 2147483647;
			files = (
			);
			runOnlyForDeploymentPostprocessing = 0;
		};
/* End PBXFrameworksBuildPhase section */

/* Begin PBXGroup section */
		157122301A6E000C001B5842 = {
			isa = PBXGroup;
			children = (
				1571223B1A6E000C001B5842 /* clock */,
				157122511A6E000D001B5842 /* clockTests */,
				1571223A1A6E000C001B5842 /* Products */,
			);
			sourceTree = "<group>";
		};
		1571223A1A6E000C001B5842 /* Products */ = {
			isa = PBXGroup;
			children = (
				157122391A6E000C001B5842 /* clock.app */,
				1571224E1A6E000D001B5842 /* clockTests.xctest */,
			);
			name = Products;
			sourceTree = "<group>";
		};
		1571223B1A6E000C001B5842 /* clock */ = {
			isa = PBXGroup;
			children = (
				1571223E1A6E000C001B5842 /* AppDelegate.swift */,
				157122401A6E000C001B5842 /* ViewController.swift */,
				157122421A6E000C001B5842 /* Main.storyboard */,
				157122451A6E000C001B5842 /* Images.xcassets */,
				157122471A6E000C001B5842 /* LaunchScreen.xib */,
				1571223C1A6E000C001B5842 /* Supporting Files */,
			);
			path = clock;
			sourceTree = "<group>";
		};
		1571223C1A6E000C001B5842 /* Supporting Files */ = {
			isa = PBXGroup;
			children = (
				1571223D1A6E000C001B5842 /* Info.plist */,
			);
			name = "Supporting Files";
			sourceTree = "<group>";
		};
		157122511A6E000D001B5842 /* clockTests */ = {
			isa = PBXGroup;
			children = (
				157122541A6E000D001B5842 /* clockTests.swift */,
				157122521A6E000D001B5842 /* Supporting Files */,
			);
			path = clockTests;
			sourceTree = "<group>";
		};
		157122521A6E000D001B5842 /* Supporting Files */ = {
			isa = PBXGroup;
			children = (
				157122531A6E000D001B5842 /* Info.plist */,
			);
			name = "Supporting Files";
			sourceTree = "<group>";
		};
/* End PBXGroup section */

/* Begin PBXNativeTarget section */
		157122381A6E000C001B5842 /* clock */ = {
			isa = PBXNativeTarget;
			buildConfigurationList = 157122581A6E000D001B5842 /* Build configuration list for PBXNativeTarget "clock" */;
			buildPhases = (
				157122351A6E000C001B5842 /* Sources */,
				157122361A6E000C001B5842 /* Frameworks */,
				157122371A6E000C001B5842 /* Resources */,
			);
			buildRules = (
			);
			dependencies = (
			);
			name = clock;
			productName = clock;
			productReference = 157122391A6E000C001B5842 /* clock.app */;
			productType = "com.apple.product-type.application";
		};
		1571224D1A6E000D001B5842 /* clockTests */ = {
			isa = PBXNativeTarget;
			buildConfigurationList = 1571225B1A6E000D001B5842 /* Build configuration list for PBXNativeTarget "clockTests" */;
			buildPhases = (
				1571224A1A6E000D001B5842 /* Sources */,
				1571224B1A6E000D001B5842 /* Frameworks */,
				1571224C1A6E000D001B5842 /* Resources */,
			);
			buildRules = (
			);
			dependencies = (
				157122501A6E000D001B5842 /* PBXTargetDependency */,
			);
			name = clockTests;
			productName = clockTests;
			productReference = 1571224E1A6E000D001B5842 /* clockTests.xctest */;
			productType = "com.apple.product-type.bundle.unit-test";
		};
/* End PBXNativeTarget section */

/* Begin PBXProject section */
		157122311A6E000C001B5842 /* Project object */ = {
			isa = PBXProject;
			attributes = {
				LastUpgradeCheck = 0610;
				ORGANIZATIONNAME = "Steven Lu";
				TargetAttributes = {
					157122381A6E000C001B5842 = {
						CreatedOnToolsVersion = 6.1.1;
					};
					1571224D1A6E000D001B5842 = {
						CreatedOnToolsVersion = 6.1.1;
						TestTargetID = 157122381A6E000C001B5842;
					};
				};
			};
			buildConfigurationList = 157122341A6E000C001B5842 /* Build configuration list for PBXProject "clock" */;
			compatibilityVersion = "Xcode 3.2";
			developmentRegion = English;
			hasScannedForEncodings = 0;
			knownRegions = (
				en,
				Base,
			);
			mainGroup = 157122301A6E000C001B5842;
			productRefGroup = 1571223A1A6E000C001B5842 /* Products */;
			projectDirPath = "";
			projectRoot = "";
			targets = (
				157122381A6E000C001B5842 /* clock */,
				1571224D1A6E000D001B5842 /* clockTests */,
			);
		};
/* End PBXProject section */

/* Begin PBXResourcesBuildPhase section */
		157122371A6E000C001B5842 /* Resources */ = {
			isa = PBXResourcesBuildPhase;
			buildActionMask = 2147483647;
			files = (
				157122441A6E000C001B5842 /* Main.storyboard in Resources */,
				157122491A6E000C001B5842 /* LaunchScreen.xib in Resources */,
				157122461A6E000C001B5842 /* Images.xcassets in Resources */,
			);
			runOnlyForDeploymentPostprocessing = 0;
		};
		1571224C1A6E000D001B5842 /* Resources */ = {
			isa = PBXResourcesBuildPhase;
			buildActionMask = 2147483647;
			files = (
			);
			runOnlyForDeploymentPostprocessing = 0;
		};
/* End PBXResourcesBuildPhase section */

/* Begin PBXSourcesBuildPhase section */
		157122351A6E000C001B5842 /* Sources */ = {
			isa = PBXSourcesBuildPhase;
			buildActionMask = 2147483647;
			files = (
				157122411A6E000C001B5842 /* ViewController.swift in Sources */,
				1571223F1A6E000C001B5842 /* AppDelegate.swift in Sources */,
			);
			runOnlyForDeploymentPostprocessing = 0;
		};
		1571224A1A6E000D001B5842 /* Sources */ = {
			isa = PBXSourcesBuildPhase;
			buildActionMask = 2147483647;
			files = (
				157122551A6E000D001B5842 /* clockTests.swift in Sources */,
			);
			runOnlyForDeploymentPostprocessing = 0;
		};
/* End PBXSourcesBuildPhase section */

/* Begin PBXTargetDependency section */
		157122501A6E000D001B5842 /* PBXTargetDependency */ = {
			isa = PBXTargetDependency;
			target = 157122381A6E000C001B5842 /* clock */;
			targetProxy = 1571224F1A6E000D001B5842 /* PBXContainerItemProxy */;
		};
/* End PBXTargetDependency section */

/* Begin PBXVariantGroup section */
		157122421A6E000C001B5842 /* Main.storyboard */ = {
			isa = PBXVariantGroup;
			children = (
				157122431A6E000C001B5842 /* Base */,
			);
			name = Main.storyboard;
			sourceTree = "<group>";
		};
		157122471A6E000C001B5842 /* LaunchScreen.xib */ = {
			isa = PBXVariantGroup;
			children = (
				157122481A6E000C001B5842 /* Base */,
			);
			name = LaunchScreen.xib;
			sourceTree = "<group>";
		};
/* End PBXVariantGroup section */

/* Begin XCBuildConfiguration section */
		157122561A6E000D001B5842 /* Debug */ = {
			isa = XCBuildConfiguration;
			buildSettings = {
				ALWAYS_SEARCH_USER_PATHS = NO;
				CLANG_CXX_LANGUAGE_STANDARD = "gnu++0x";
				CLANG_CXX_LIBRARY = "libc++";
				CLANG_ENABLE_MODULES = YES;
				CLANG_ENABLE_OBJC_ARC = YES;
				CLANG_WARN_BOOL_CONVERSION = YES;
				CLANG_WARN_CONSTANT_CONVERSION = YES;
				CLANG_WARN_DIRECT_OBJC_ISA_USAGE = YES_ERROR;
				CLANG_WARN_EMPTY_BODY = YES;
				CLANG_WARN_ENUM_CONVERSION = YES;
				CLANG_WARN_INT_CONVERSION = YES;
				CLANG_WARN_OBJC_ROOT_CLASS = YES_ERROR;
				CLANG_WARN_UNREACHABLE_CODE = YES;
				CLANG_WARN__DUPLICATE_METHOD_MATCH = YES;
				"CODE_SIGN_IDENTITY[sdk=iphoneos*]" = "iPhone Developer";
				COPY_PHASE_STRIP = NO;
				ENABLE_STRICT_OBJC_MSGSEND = YES;
				GCC_C_LANGUAGE_STANDARD = gnu99;
				GCC_DYNAMIC_NO_PIC = NO;
				GCC_OPTIMIZATION_LEVEL = 0;
				GCC_PREPROCESSOR_DEFINITIONS = (
					"DEBUG=1",
					"$(inherited)",
				);
				GCC_SYMBOLS_PRIVATE_EXTERN = NO;
				GCC_WARN_64_TO_32_BIT_CONVERSION = YES;
				GCC_WARN_ABOUT_RETURN_TYPE = YES_ERROR;
				GCC_WARN_UNDECLARED_SELECTOR = YES;
				GCC_WARN_UNINITIALIZED_AUTOS = YES_AGGRESSIVE;
				GCC_WARN_UNUSED_FUNCTION = YES;
				GCC_WARN_UNUSED_VARIABLE = YES;
				IPHONEOS_DEPLOYMENT_TARGET = 8.1;
				MTL_ENABLE_DEBUG_INFO = YES;
				ONLY_ACTIVE_ARCH = YES;
				SDKROOT = iphoneos;
				SWIFT_OPTIMIZATION_LEVEL = "-Onone";
			};
			name = Debug;
		};
		157122571A6E000D001B5842 /* Release */ = {
			isa = XCBuildConfiguration;
			buildSettings = {
				ALWAYS_SEARCH_USER_PATHS = NO;
				CLANG_CXX_LANGUAGE_STANDARD = "gnu++0x";
				CLANG_CXX_LIBRARY = "libc++";
				CLANG_ENABLE_MODULES = YES;
				CLANG_ENABLE_OBJC_ARC = YES;
				CLANG_WARN_BOOL_CONVERSION = YES;
				CLANG_WARN_CONSTANT_CONVERSION = YES;
				CLANG_WARN_DIRECT_OBJC_ISA_USAGE = YES_ERROR;
				CLANG_WARN_EMPTY_BODY = YES;
				CLANG_WARN_ENUM_CONVERSION = YES;
				CLANG_WARN_INT_CONVERSION = YES;
				CLANG_WARN_OBJC_ROOT_CLASS = YES_ERROR;
				CLANG_WARN_UNREACHABLE_CODE = YES;
				CLANG_WARN__DUPLICATE_METHOD_MATCH = YES;
				"CODE_SIGN_IDENTITY[sdk=iphoneos*]" = "iPhone Developer";
				COPY_PHASE_STRIP = YES;
				ENABLE_NS_ASSERTIONS = NO;
				ENABLE_STRICT_OBJC_MSGSEND = YES;
				GCC_C_LANGUAGE_STANDARD = gnu99;
				GCC_WARN_64_TO_32_BIT_CONVERSION = YES;
				GCC_WARN_ABOUT_RETURN_TYPE = YES_ERROR;
				GCC_WARN_UNDECLARED_SELECTOR = YES;
				GCC_WARN_UNINITIALIZED_AUTOS = YES_AGGRESSIVE;
				GCC_WARN_UNUSED_FUNCTION = YES;
				GCC_WARN_UNUSED_VARIABLE = YES;
				IPHONEOS_DEPLOYMENT_TARGET = 8.1;
				MTL_ENABLE_DEBUG_INFO = NO;
				SDKROOT = iphoneos;
				VALIDATE_PRODUCT = YES;
			};
			name = Release;
		};
		157122591A6E000D001B5842 /* Debug */ = {
			isa = XCBuildConfiguration;
			buildSettings = {
				ASSETCATALOG_COMPILER_APPICON_NAME = AppIcon;
				INFOPLIST_FILE = clock/Info.plist;
				LD_RUNPATH_SEARCH_PATHS = "$(inherited) @executable_path/Frameworks";
				PRODUCT_NAME = "$(TARGET_NAME)";
			};
			name = Debug;
		};
		1571225A1A6E000D001B5842 /* Release */ = {
			isa = XCBuildConfiguration;
			buildSettings = {
				ASSETCATALOG_COMPILER_APPICON_NAME = AppIcon;
				INFOPLIST_FILE = clock/Info.plist;
				LD_RUNPATH_SEARCH_PATHS = "$(inherited) @executable_path/Frameworks";
				PRODUCT_NAME = "$(TARGET_NAME)";
			};
			name = Release;
		};
		1571225C1A6E000D001B5842 /* Debug */ = {
			isa = XCBuildConfiguration;
			buildSettings = {
				BUNDLE_LOADER = "$(TEST_HOST)";
				FRAMEWORK_SEARCH_PATHS = (
					"$(SDKROOT)/Developer/Library/Frameworks",
					"$(inherited)",
				);
				GCC_PREPROCESSOR_DEFINITIONS = (
					"DEBUG=1",
					"$(inherited)",
				);
				INFOPLIST_FILE = clockTests/Info.plist;
				LD_RUNPATH_SEARCH_PATHS = "$(inherited) @executable_path/Frameworks @loader_path/Frameworks";
				PRODUCT_NAME = "$(TARGET_NAME)";
				TEST_HOST = "$(BUILT_PRODUCTS_DIR)/clock.app/clock";
			};
			name = Debug;
		};
		1571225D1A6E000D001B5842 /* Release */ = {
			isa = XCBuildConfiguration;
			buildSettings = {
				BUNDLE_LOADER = "$(TEST_HOST)";
				FRAMEWORK_SEARCH_PATHS = (
					"$(SDKROOT)/Developer/Library/Frameworks",
					"$(inherited)",
				);
				INFOPLIST_FILE = clockTests/Info.plist;
				LD_RUNPATH_SEARCH_PATHS = "$(inherited) @executable_path/Frameworks @loader_path/Frameworks";
				PRODUCT_NAME = "$(TARGET_NAME)";
				TEST_HOST = "$(BUILT_PRODUCTS_DIR)/clock.app/clock";
			};
			name = Release;
		};
/* End XCBuildConfiguration section */

/* Begin XCConfigurationList section */
		157122341A6E000C001B5842 /* Build configuration list for PBXProject "clock" */ = {
			isa = XCConfigurationList;
			buildConfigurations = (
				157122561A6E000D001B5842 /* Debug */,
				157122571A6E000D001B5842 /* Release */,
			);
			defaultConfigurationIsVisible = 0;
			defaultConfigurationName = Release;
		};
		157122581A6E000D001B5842 /* Build configuration list for PBXNativeTarget "clock" */ = {
			isa = XCConfigurationList;
			buildConfigurations = (
				157122591A6E000D001B5842 /* Debug */,
				1571225A1A6E000D001B5842 /* Release */,
			);
			defaultConfigurationIsVisible = 0;
		};
		1571225B1A6E000D001B5842 /* Build configuration list for PBXNativeTarget "clockTests" */ = {
			isa = XCConfigurationList;
			buildConfigurations = (
				1571225C1A6E000D001B5842 /* Debug */,
				1571225D1A6E000D001B5842 /* Release */,
			);
			defaultConfigurationIsVisible = 0;
		};
/* End XCConfigurationList section */
	};
	rootObject = 157122311A6E000C001B5842 /* Project object */;
}
